
Microsoft Visual Studio Solution File, Format Version 12.00
# Visual Studio Version 16
VisualStudioVersion = 16.0.31729.503
MinimumVisualStudioVersion = 10.0.40219.1
Project("{FAE04EC0-301F-11D3-BF4B-00C04F79EFBC}") = "Catalog.WebAPI", "Catalog.WebAPI\Catalog.WebAPI.csproj", "{3E11CA5A-73DC-457C-A86E-05993BDC5A3A}"
EndProject
Project("{FAE04EC0-301F-11D3-BF4B-00C04F79EFBC}") = "Catalog.Core", "Catalog.Core\Catalog.Core.csproj", "{94AD7B25-9601-4CAD-A941-E0A2571253FF}"
EndProject
Project("{FAE04EC0-301F-11D3-BF4B-00C04F79EFBC}") = "Catalog.Infrastructure", "Catalog.Infrastructure\Catalog.Infrastructure.csproj", "{578469B5-4D89-40D4-8498-573F7AB2BC1E}"
EndProject
Project("{FAE04EC0-301F-11D3-BF4B-00C04F79EFBC}") = "Catalog.Repository", "Catalog.Repository\Catalog.Repository.csproj", "{57F88E1A-7AB1-4250-993B-A9E3F7AE05BA}"
EndProject
Global
	GlobalSection(SolutionConfigurationPlatforms) = preSolution
		Debug|Any CPU = Debug|Any CPU
		Release|Any CPU = Release|Any CPU
	EndGlobalSection
	GlobalSection(ProjectConfigurationPlatforms) = postSolution
		{3E11CA5A-73DC-457C-A86E-05993BDC5A3A}.Debug|Any CPU.ActiveCfg = Debug|Any CPU
		{3E11CA5A-73DC-457C-A86E-05993BDC5A3A}.Debug|Any CPU.Build.0 = Debug|Any CPU
		{3E11CA5A-73DC-457C-A86E-05993BDC5A3A}.Release|Any CPU.ActiveCfg = Release|Any CPU
		{3E11CA5A-73DC-457C-A86E-05993BDC5A3A}.Release|Any CPU.Build.0 = Release|Any CPU
		{94AD7B25-9601-4CAD-A941-E0A2571253FF}.Debug|Any CPU.ActiveCfg = Debug|Any CPU
		{94AD7B25-9601-4CAD-A941-E0A2571253FF}.Debug|Any CPU.Build.0 = Debug|Any CPU
		{94AD7B25-9601-4CAD-A941-E0A2571253FF}.Release|Any CPU.ActiveCfg = Release|Any CPU
		{94AD7B25-9601-4CAD-A941-E0A2571253FF}.Release|Any CPU.Build.0 = Release|Any CPU
		{578469B5-4D89-40D4-8498-573F7AB2BC1E}.Debug|Any CPU.ActiveCfg = Debug|Any CPU
		{578469B5-4D89-40D4-8498-573F7AB2BC1E}.Debug|Any CPU.Build.0 = Debug|Any CPU
		{578469B5-4D89-40D4-8498-573F7AB2BC1E}.Release|Any CPU.ActiveCfg = Release|Any CPU
		{578469B5-4D89-40D4-8498-573F7AB2BC1E}.Release|Any CPU.Build.0 = Release|Any CPU
		{57F88E1A-7AB1-4250-993B-A9E3F7AE05BA}.Debug|Any CPU.ActiveCfg = Debug|Any CPU
		{57F88E1A-7AB1-4250-993B-A9E3F7AE05BA}.Debug|Any CPU.Build.0 = Debug|Any CPU
		{57F88E1A-7AB1-4250-993B-A9E3F7AE05BA}.Release|Any CPU.ActiveCfg = Release|Any CPU
		{57F88E1A-7AB1-4250-993B-A9E3F7AE05BA}.Release|Any CPU.Build.0 = Release|Any CPU
	EndGlobalSection
	GlobalSection(SolutionProperties) = preSolution
		HideSolutionNode = FALSE
	EndGlobalSection
	GlobalSection(ExtensibilityGlobals) = postSolution
		SolutionGuid = {E2AD3663-3F75-4FED-8398-3A42170E51F0}
	EndGlobalSection
EndGlobal
